
Microsoft Visual Studio Solution File, Format Version 12.00
# Visual Studio Version 17
VisualStudioVersion = 17.1.32328.378
MinimumVisualStudioVersion = 10.0.40219.1
Project("{FAE04EC0-301F-11D3-BF4B-00C04F79EFBC}") = "Hw_9", "Hw_9.csproj", "{412E21CE-A0C7-447D-B2D5-4380E7A8A21F}"
EndProject
Global
	GlobalSection(SolutionConfigurationPlatforms) = preSolution
		Debug|Any CPU = Debug|Any CPU
		Release|Any CPU = Release|Any CPU
	EndGlobalSection
	GlobalSection(ProjectConfigurationPlatforms) = postSolution
		{412E21CE-A0C7-447D-B2D5-4380E7A8A21F}.Debug|Any CPU.ActiveCfg = Debug|Any CPU
		{412E21CE-A0C7-447D-B2D5-4380E7A8A21F}.Debug|Any CPU.Build.0 = Debug|Any CPU
		{412E21CE-A0C7-447D-B2D5-4380E7A8A21F}.Release|Any CPU.ActiveCfg = Release|Any CPU
		{412E21CE-A0C7-447D-B2D5-4380E7A8A21F}.Release|Any CPU.Build.0 = Release|Any CPU
	EndGlobalSection
	GlobalSection(SolutionProperties) = preSolution
		HideSolutionNode = FALSE
	EndGlobalSection
	GlobalSection(ExtensibilityGlobals) = postSolution
		SolutionGuid = {FF5EBD78-4E56-4662-BB0E-979F4C55520D}
	EndGlobalSection
EndGlobal
